<?xml version="1.0" encoding="utf-8"?>
<Project ToolsVersion="4.0" xmlns="http://schemas.microsoft.com/developer/msbuild/2003">
  <ItemGroup>
    <Filter Include="Source Files">
      <UniqueIdentifier>{4FC737F1-C7A5-4376-A066-2A32D752A2FF}</UniqueIdentifier>
      <Extensions>cpp;c;cc;cxx;def;odl;idl;hpj;bat;asm;asmx</Extensions>
    </Filter>
    <Filter Include="Header Files">
      <UniqueIdentifier>{93995380-89BD-4b04-88EB-625FBE52EBFB}</UniqueIdentifier>
      <Extensions>h;hpp;hxx;hm;inl;inc;xsd</Extensions>
    </Filter>
    <Filter Include="Resource Files">
      <UniqueIdentifier>{67DA6AB6-F800-4c08-8B7A-83BB121AAD01}</UniqueIdentifier>
      <Extensions>rc;ico;cur;bmp;dlg;rc2;rct;bin;rgs;gif;jpg;jpeg;jpe;resx;tiff;tif;png;wav;mfcribbon-ms</Extensions>
    </Filter>
    <Filter Include="Header Files\Shaders">
      <UniqueIdentifier>{4bd1ec7b-3844-42b6-8238-a6a5de2a4de6}</UniqueIdentifier>
    </Filter>
    <Filter Include="Header Files\Models/textures">
      <UniqueIdentifier>{687c7f72-eff5-4412-a853-3680e2ca2ad4}</UniqueIdentifier>
    </Filter>
    <Filter Include="Header Files\Utilities">
      <UniqueIdentifier>{4c5d525b-afd2-462b-9d8b-c27b7e9851df}</UniqueIdentifier>
    </Filter>
    <Filter Include="Source Files\Shaders">
      <UniqueIdentifier>{78efb2bb-2ae4-4edb-bea0-341541819c04}</UniqueIdentifier>
    </Filter>
    <Filter Include="Source Files\Utilities">
      <UniqueIdentifier>{d2a1d06a-61e9-436b-ac9e-1e7a938d07f7}</UniqueIdentifier>
    </Filter>
    <Filter Include="Source Files\Model/Texture">
      <UniqueIdentifier>{a2ecaa8c-3887-4173-9f35-4ada20f58654}</UniqueIdentifier>
    </Filter>
    <Filter Include="Resource Files\Shaders">
      <UniqueIdentifier>{18975ce9-8252-410c-9d4d-0cdcf575db33}</UniqueIdentifier>
    </Filter>
  </ItemGroup>
  <ItemGroup>
    <ClInclude Include="SystemClass.h">
      <Filter>Header Files</Filter>
    </ClInclude>
    <ClInclude Include="Graphics.h">
      <Filter>Header Files</Filter>
    </ClInclude>
    <ClInclude Include="TokenStream.h">
      <Filter>Header Files</Filter>
    </ClInclude>
    <ClInclude Include="BumpMapShader.h">
      <Filter>Header Files\Shaders</Filter>
    </ClInclude>
    <ClInclude Include="FireShader.h">
      <Filter>Header Files\Shaders</Filter>
    </ClInclude>
    <ClInclude Include="FogShader.h">
      <Filter>Header Files\Shaders</Filter>
    </ClInclude>
    <ClInclude Include="FontShader.h">
      <Filter>Header Files\Shaders</Filter>
    </ClInclude>
    <ClInclude Include="LightShader.h">
      <Filter>Header Files\Shaders</Filter>
    </ClInclude>
    <ClInclude Include="OceanShader.h">
      <Filter>Header Files\Shaders</Filter>
    </ClInclude>
    <ClInclude Include="ParticleShader.h">
      <Filter>Header Files\Shaders</Filter>
    </ClInclude>
    <ClInclude Include="ReflectionShader.h">
      <Filter>Header Files\Shaders</Filter>
    </ClInclude>
    <ClInclude Include="RefractionShader.h">
      <Filter>Header Files\Shaders</Filter>
    </ClInclude>
    <ClInclude Include="TerrainShader.h">
      <Filter>Header Files\Shaders</Filter>
    </ClInclude>
    <ClInclude Include="TextureShader.h">
      <Filter>Header Files\Shaders</Filter>
    </ClInclude>
    <ClInclude Include="WaterShader.h">
      <Filter>Header Files\Shaders</Filter>
    </ClInclude>
    <ClInclude Include="Model.h">
      <Filter>Header Files\Models/textures</Filter>
    </ClInclude>
    <ClInclude Include="RTmodel.h">
      <Filter>Header Files\Models/textures</Filter>
    </ClInclude>
    <ClInclude Include="PlaneClass.h">
      <Filter>Header Files\Models/textures</Filter>
    </ClInclude>
    <ClInclude Include="FireClass.h">
      <Filter>Header Files\Models/textures</Filter>
    </ClInclude>
    <ClInclude Include="Texture.h">
      <Filter>Header Files\Models/textures</Filter>
    </ClInclude>
    <ClInclude Include="TextureArray.h">
      <Filter>Header Files\Models/textures</Filter>
    </ClInclude>
    <ClInclude Include="ParticleSystem.h">
      <Filter>Header Files\Models/textures</Filter>
    </ClInclude>
    <ClInclude Include="Terrain.h">
      <Filter>Header Files\Models/textures</Filter>
    </ClInclude>
    <ClInclude Include="Camera.h">
      <Filter>Header Files\Utilities</Filter>
    </ClInclude>
    <ClInclude Include="CPUclass.h">
      <Filter>Header Files\Utilities</Filter>
    </ClInclude>
    <ClInclude Include="D3D.h">
      <Filter>Header Files\Utilities</Filter>
    </ClInclude>
    <ClInclude Include="DebugWindow.h">
      <Filter>Header Files\Utilities</Filter>
    </ClInclude>
    <ClInclude Include="Font.h">
      <Filter>Header Files\Utilities</Filter>
    </ClInclude>
    <ClInclude Include="FPSclass.h">
      <Filter>Header Files\Utilities</Filter>
    </ClInclude>
    <ClInclude Include="InputClass.h">
      <Filter>Header Files\Utilities</Filter>
    </ClInclude>
    <ClInclude Include="LightClass.h">
      <Filter>Header Files\Utilities</Filter>
    </ClInclude>
    <ClInclude Include="Text.h">
      <Filter>Header Files\Utilities</Filter>
    </ClInclude>
    <ClInclude Include="Timer.h">
      <Filter>Header Files\Utilities</Filter>
    </ClInclude>
    <ClInclude Include="RenderTexture.h">
      <Filter>Header Files\Models/textures</Filter>
    </ClInclude>
  </ItemGroup>
  <ItemGroup>
    <ClCompile Include="Main.cpp">
      <Filter>Source Files</Filter>
    </ClCompile>
    <ClCompile Include="Graphics.cpp">
      <Filter>Source Files</Filter>
    </ClCompile>
    <ClCompile Include="SystemClass.cpp">
      <Filter>Source Files</Filter>
    </ClCompile>
    <ClCompile Include="TokenStream.cpp">
      <Filter>Source Files</Filter>
    </ClCompile>
    <ClCompile Include="BumpMapShader.cpp">
      <Filter>Source Files\Shaders</Filter>
    </ClCompile>
    <ClCompile Include="FireShader.cpp">
      <Filter>Source Files\Shaders</Filter>
    </ClCompile>
    <ClCompile Include="FogShader.cpp">
      <Filter>Source Files\Shaders</Filter>
    </ClCompile>
    <ClCompile Include="FontShader.cpp">
      <Filter>Source Files\Shaders</Filter>
    </ClCompile>
    <ClCompile Include="LightShader.cpp">
      <Filter>Source Files\Shaders</Filter>
    </ClCompile>
    <ClCompile Include="OceanShader.cpp">
      <Filter>Source Files\Shaders</Filter>
    </ClCompile>
    <ClCompile Include="ParticleShader.cpp">
      <Filter>Source Files\Shaders</Filter>
    </ClCompile>
    <ClCompile Include="ReflectionShader.cpp">
      <Filter>Source Files\Shaders</Filter>
    </ClCompile>
    <ClCompile Include="RefractionShader.cpp">
      <Filter>Source Files\Shaders</Filter>
    </ClCompile>
    <ClCompile Include="TerrainShader.cpp">
      <Filter>Source Files\Shaders</Filter>
    </ClCompile>
    <ClCompile Include="TextureShader.cpp">
      <Filter>Source Files\Shaders</Filter>
    </ClCompile>
    <ClCompile Include="WaterShader.cpp">
      <Filter>Source Files\Shaders</Filter>
    </ClCompile>
    <ClCompile Include="Camera.cpp">
      <Filter>Source Files\Utilities</Filter>
    </ClCompile>
    <ClCompile Include="CPUclass.cpp">
      <Filter>Source Files\Utilities</Filter>
    </ClCompile>
    <ClCompile Include="D3D.cpp">
      <Filter>Source Files\Utilities</Filter>
    </ClCompile>
    <ClCompile Include="DebugWindow.cpp">
      <Filter>Source Files\Utilities</Filter>
    </ClCompile>
    <ClCompile Include="Font.cpp">
      <Filter>Source Files\Utilities</Filter>
    </ClCompile>
    <ClCompile Include="InputClass.cpp">
      <Filter>Source Files\Utilities</Filter>
    </ClCompile>
    <ClCompile Include="LightClass.cpp">
      <Filter>Source Files\Utilities</Filter>
    </ClCompile>
    <ClCompile Include="Timer.cpp">
      <Filter>Source Files\Utilities</Filter>
    </ClCompile>
    <ClCompile Include="Text.cpp">
      <Filter>Source Files\Utilities</Filter>
    </ClCompile>
    <ClCompile Include="FPSclass.cpp">
      <Filter>Source Files\Utilities</Filter>
    </ClCompile>
    <ClCompile Include="FireClass.cpp">
      <Filter>Source Files\Model/Texture</Filter>
    </ClCompile>
    <ClCompile Include="Model.cpp">
      <Filter>Source Files\Model/Texture</Filter>
    </ClCompile>
    <ClCompile Include="ParticleSystem.cpp">
      <Filter>Source Files\Model/Texture</Filter>
    </ClCompile>
    <ClCompile Include="PlaneClass.cpp">
      <Filter>Source Files\Model/Texture</Filter>
    </ClCompile>
    <ClCompile Include="RenderTexture.cpp">
      <Filter>Source Files\Model/Texture</Filter>
    </ClCompile>
    <ClCompile Include="RTmodel.cpp">
      <Filter>Source Files\Model/Texture</Filter>
    </ClCompile>
    <ClCompile Include="TextureArray.cpp">
      <Filter>Source Files\Model/Texture</Filter>
    </ClCompile>
    <ClCompile Include="Terrain.cpp">
      <Filter>Source Files\Model/Texture</Filter>
    </ClCompile>
    <ClCompile Include="Texture.cpp">
      <Filter>Source Files\Model/Texture</Filter>
    </ClCompile>
  </ItemGroup>
  <ItemGroup>
    <None Include="BumpMap.ps">
      <Filter>Resource Files\Shaders</Filter>
    </None>
    <None Include="BumpMap.vs">
      <Filter>Resource Files\Shaders</Filter>
    </None>
    <None Include="Color.ps">
      <Filter>Resource Files\Shaders</Filter>
    </None>
    <None Include="Color.vs">
      <Filter>Resource Files\Shaders</Filter>
    </None>
    <None Include="Fire.ps">
      <Filter>Resource Files\Shaders</Filter>
    </None>
    <None Include="Fire.vs">
      <Filter>Resource Files\Shaders</Filter>
    </None>
    <None Include="Fog.ps">
      <Filter>Resource Files\Shaders</Filter>
    </None>
    <None Include="Fog.vs">
      <Filter>Resource Files\Shaders</Filter>
    </None>
    <None Include="Ocean.ps">
      <Filter>Resource Files\Shaders</Filter>
    </None>
    <None Include="Ocean.vs">
      <Filter>Resource Files\Shaders</Filter>
    </None>
    <None Include="Refraction.ps">
      <Filter>Resource Files\Shaders</Filter>
    </None>
    <None Include="Reflection.ps">
      <Filter>Resource Files\Shaders</Filter>
    </None>
    <None Include="Reflection.vs">
      <Filter>Resource Files\Shaders</Filter>
    </None>
    <None Include="refraction.vs">
      <Filter>Resource Files\Shaders</Filter>
    </None>
    <None Include="texture.vs">
      <Filter>Resource Files\Shaders</Filter>
    </None>
    <None Include="texture.ps">
      <Filter>Resource Files\Shaders</Filter>
    </None>
    <None Include="Font.ps">
      <Filter>Resource Files\Shaders</Filter>
    </None>
    <None Include="Font.vs">
      <Filter>Resource Files\Shaders</Filter>
    </None>
    <None Include="light.ps">
      <Filter>Resource Files\Shaders</Filter>
    </None>
    <None Include="light.vs">
      <Filter>Resource Files\Shaders</Filter>
    </None>
    <None Include="particle.ps">
      <Filter>Resource Files\Shaders</Filter>
    </None>
    <None Include="particle.vs">
      <Filter>Resource Files\Shaders</Filter>
    </None>
    <None Include="terrain.ps">
      <Filter>Resource Files\Shaders</Filter>
    </None>
    <None Include="terrain.vs">
      <Filter>Resource Files\Shaders</Filter>
    </None>
    <None Include="water.ps">
      <Filter>Resource Files\Shaders</Filter>
    </None>
    <None Include="water.vs">
      <Filter>Resource Files\Shaders</Filter>
    </None>
  </ItemGroup>
</Project>